// !$*UTF8*$!
{
	archiveVersion = 1;
	classes = {
	};
	objectVersion = 56;
	objects = {

/* Begin PBXBuildFile section */
		74CED6962AD78E52004F2E9A /* AppDelegate.swift in Sources */ = {isa = PBXBuildFile; fileRef = 74CED6952AD78E52004F2E9A /* AppDelegate.swift */; };
		74CED6982AD78E52004F2E9A /* SceneDelegate.swift in Sources */ = {isa = PBXBuildFile; fileRef = 74CED6972AD78E52004F2E9A /* SceneDelegate.swift */; };
		74CED69A2AD78E52004F2E9A /* ViewController.swift in Sources */ = {isa = PBXBuildFile; fileRef = 74CED6992AD78E52004F2E9A /* ViewController.swift */; };
		74CED69D2AD78E52004F2E9A /* Main.storyboard in Resources */ = {isa = PBXBuildFile; fileRef = 74CED69B2AD78E52004F2E9A /* Main.storyboard */; };
		74CED69F2AD78E53004F2E9A /* Assets.xcassets in Resources */ = {isa = PBXBuildFile; fileRef = 74CED69E2AD78E53004F2E9A /* Assets.xcassets */; };
		74CED6A22AD78E53004F2E9A /* LaunchScreen.storyboard in Resources */ = {isa = PBXBuildFile; fileRef = 74CED6A02AD78E53004F2E9A /* LaunchScreen.storyboard */; };
		74CED6B52AD7A01D004F2E9A /* TPQRCodeScanner in Frameworks */ = {isa = PBXBuildFile; productRef = 74CED6B42AD7A01D004F2E9A /* TPQRCodeScanner */; };
/* End PBXBuildFile section */

/* Begin PBXFileReference section */
		74CED6922AD78E52004F2E9A /* TPQRCodeScannerExsample.app */ = {isa = PBXFileReference; explicitFileType = wrapper.application; includeInIndex = 0; path = TPQRCodeScannerExsample.app; sourceTree = BUILT_PRODUCTS_DIR; };
		74CED6952AD78E52004F2E9A /* AppDelegate.swift */ = {isa = PBXFileReference; lastKnownFileType = sourcecode.swift; path = AppDelegate.swift; sourceTree = "<group>"; };
		74CED6972AD78E52004F2E9A /* SceneDelegate.swift */ = {isa = PBXFileReference; lastKnownFileType = sourcecode.swift; path = SceneDelegate.swift; sourceTree = "<group>"; };
		74CED6992AD78E52004F2E9A /* ViewController.swift */ = {isa = PBXFileReference; lastKnownFileType = sourcecode.swift; path = ViewController.swift; sourceTree = "<group>"; };
		74CED69C2AD78E52004F2E9A /* Base */ = {isa = PBXFileReference; lastKnownFileType = file.storyboard; name = Base; path = Base.lproj/Main.storyboard; sourceTree = "<group>"; };
		74CED69E2AD78E53004F2E9A /* Assets.xcassets */ = {isa = PBXFileReference; lastKnownFileType = folder.assetcatalog; path = Assets.xcassets; sourceTree = "<group>"; };
		74CED6A12AD78E53004F2E9A /* Base */ = {isa = PBXFileReference; lastKnownFileType = file.storyboard; name = Base; path = Base.lproj/LaunchScreen.storyboard; sourceTree = "<group>"; };
		74CED6A32AD78E53004F2E9A /* Info.plist */ = {isa = PBXFileReference; lastKnownFileType = text.plist.xml; path = Info.plist; sourceTree = "<group>"; };
/* End PBXFileReference section */

/* Begin PBXFrameworksBuildPhase section */
		74CED68F2AD78E52004F2E9A /* Frameworks */ = {
			isa = PBXFrameworksBuildPhase;
			buildActionMask = 2147483647;
			files = (
				74CED6B52AD7A01D004F2E9A /* TPQRCodeScanner in Frameworks */,
			);
			runOnlyForDeploymentPostprocessing = 0;
		};
/* End PBXFrameworksBuildPhase section */

/* Begin PBXGroup section */
		74CED6892AD78E52004F2E9A = {
			isa = PBXGroup;
			children = (
				74CED6942AD78E52004F2E9A /* TPQRCodeScannerExsample */,
				74CED6932AD78E52004F2E9A /* Products */,
			);
			sourceTree = "<group>";
		};
		74CED6932AD78E52004F2E9A /* Products */ = {
			isa = PBXGroup;
			children = (
				74CED6922AD78E52004F2E9A /* TPQRCodeScannerExsample.app */,
			);
			name = Products;
			sourceTree = "<group>";
		};
		74CED6942AD78E52004F2E9A /* TPQRCodeScannerExsample */ = {
			isa = PBXGroup;
			children = (
				74CED6952AD78E52004F2E9A /* AppDelegate.swift */,
				74CED6972AD78E52004F2E9A /* SceneDelegate.swift */,
				74CED6992AD78E52004F2E9A /* ViewController.swift */,
				74CED69B2AD78E52004F2E9A /* Main.storyboard */,
				74CED69E2AD78E53004F2E9A /* Assets.xcassets */,
				74CED6A02AD78E53004F2E9A /* LaunchScreen.storyboard */,
				74CED6A32AD78E53004F2E9A /* Info.plist */,
			);
			path = TPQRCodeScannerExsample;
			sourceTree = "<group>";
		};
/* End PBXGroup section */

/* Begin PBXNativeTarget section */
		74CED6912AD78E52004F2E9A /* TPQRCodeScannerExsample */ = {
			isa = PBXNativeTarget;
			buildConfigurationList = 74CED6A62AD78E53004F2E9A /* Build configuration list for PBXNativeTarget "TPQRCodeScannerExsample" */;
			buildPhases = (
				74CED68E2AD78E52004F2E9A /* Sources */,
				74CED68F2AD78E52004F2E9A /* Frameworks */,
				74CED6902AD78E52004F2E9A /* Resources */,
			);
			buildRules = (
			);
			dependencies = (
			);
			name = TPQRCodeScannerExsample;
			packageProductDependencies = (
				74CED6B42AD7A01D004F2E9A /* TPQRCodeScanner */,
			);
			productName = TPQRCodeScannerExsample;
			productReference = 74CED6922AD78E52004F2E9A /* TPQRCodeScannerExsample.app */;
			productType = "com.apple.product-type.application";
		};
/* End PBXNativeTarget section */

/* Begin PBXProject section */
		74CED68A2AD78E52004F2E9A /* Project object */ = {
			isa = PBXProject;
			attributes = {
				BuildIndependentTargetsInParallel = 1;
				LastSwiftUpdateCheck = 1430;
				LastUpgradeCheck = 1430;
				TargetAttributes = {
					74CED6912AD78E52004F2E9A = {
						CreatedOnToolsVersion = 14.3.1;
					};
				};
			};
			buildConfigurationList = 74CED68D2AD78E52004F2E9A /* Build configuration list for PBXProject "TPQRCodeScannerExsample" */;
			compatibilityVersion = "Xcode 14.0";
			developmentRegion = en;
			hasScannedForEncodings = 0;
			knownRegions = (
				en,
				Base,
			);
			mainGroup = 74CED6892AD78E52004F2E9A;
			packageReferences = (
				74CED6B32AD7A01D004F2E9A /* XCRemoteSwiftPackageReference "TPQRCodeScanner" */,
			);
			productRefGroup = 74CED6932AD78E52004F2E9A /* Products */;
			projectDirPath = "";
			projectRoot = "";
			targets = (
				74CED6912AD78E52004F2E9A /* TPQRCodeScannerExsample */,
			);
		};
/* End PBXProject section */

/* Begin PBXResourcesBuildPhase section */
		74CED6902AD78E52004F2E9A /* Resources */ = {
			isa = PBXResourcesBuildPhase;
			buildActionMask = 2147483647;
			files = (
				74CED6A22AD78E53004F2E9A /* LaunchScreen.storyboard in Resources */,
				74CED69F2AD78E53004F2E9A /* Assets.xcassets in Resources */,
				74CED69D2AD78E52004F2E9A /* Main.storyboard in Resources */,
			);
			runOnlyForDeploymentPostprocessing = 0;
		};
/* End PBXResourcesBuildPhase section */

/* Begin PBXSourcesBuildPhase section */
		74CED68E2AD78E52004F2E9A /* Sources */ = {
			isa = PBXSourcesBuildPhase;
			buildActionMask = 2147483647;
			files = (
				74CED69A2AD78E52004F2E9A /* ViewController.swift in Sources */,
				74CED6962AD78E52004F2E9A /* AppDelegate.swift in Sources */,
				74CED6982AD78E52004F2E9A /* SceneDelegate.swift in Sources */,
			);
			runOnlyForDeploymentPostprocessing = 0;
		};
/* End PBXSourcesBuildPhase section */

/* Begin PBXVariantGroup section */
		74CED69B2AD78E52004F2E9A /* Main.storyboard */ = {
			isa = PBXVariantGroup;
			children = (
				74CED69C2AD78E52004F2E9A /* Base */,
			);
			name = Main.storyboard;
			sourceTree = "<group>";
		};
		74CED6A02AD78E53004F2E9A /* LaunchScreen.storyboard */ = {
			isa = PBXVariantGroup;
			children = (
				74CED6A12AD78E53004F2E9A /* Base */,
			);
			name = LaunchScreen.storyboard;
			sourceTree = "<group>";
		};
/* End PBXVariantGroup section */

/* Begin XCBuildConfiguration section */
		74CED6A42AD78E53004F2E9A /* Debug */ = {
			isa = XCBuildConfiguration;
			buildSettings = {
				ALWAYS_SEARCH_USER_PATHS = NO;
				CLANG_ANALYZER_NONNULL = YES;
				CLANG_ANALYZER_NUMBER_OBJECT_CONVERSION = YES_AGGRESSIVE;
				CLANG_CXX_LANGUAGE_STANDARD = "gnu++20";
				CLANG_ENABLE_MODULES = YES;
				CLANG_ENABLE_OBJC_ARC = YES;
				CLANG_ENABLE_OBJC_WEAK = YES;
				CLANG_WARN_BLOCK_CAPTURE_AUTORELEASING = YES;
				CLANG_WARN_BOOL_CONVERSION = YES;
				CLANG_WARN_COMMA = YES;
				CLANG_WARN_CONSTANT_CONVERSION = YES;
				CLANG_WARN_DEPRECATED_OBJC_IMPLEMENTATIONS = YES;
				CLANG_WARN_DIRECT_OBJC_ISA_USAGE = YES_ERROR;
				CLANG_WARN_DOCUMENTATION_COMMENTS = YES;
				CLANG_WARN_EMPTY_BODY = YES;
				CLANG_WARN_ENUM_CONVERSION = YES;
				CLANG_WARN_INFINITE_RECURSION = YES;
				CLANG_WARN_INT_CONVERSION = YES;
				CLANG_WARN_NON_LITERAL_NULL_CONVERSION = YES;
				CLANG_WARN_OBJC_IMPLICIT_RETAIN_SELF = YES;
				CLANG_WARN_OBJC_LITERAL_CONVERSION = YES;
				CLANG_WARN_OBJC_ROOT_CLASS = YES_ERROR;
				CLANG_WARN_QUOTED_INCLUDE_IN_FRAMEWORK_HEADER = YES;
				CLANG_WARN_RANGE_LOOP_ANALYSIS = YES;
				CLANG_WARN_STRICT_PROTOTYPES = YES;
				CLANG_WARN_SUSPICIOUS_MOVE = YES;
				CLANG_WARN_UNGUARDED_AVAILABILITY = YES_AGGRESSIVE;
				CLANG_WARN_UNREACHABLE_CODE = YES;
				CLANG_WARN__DUPLICATE_METHOD_MATCH = YES;
				COPY_PHASE_STRIP = NO;
				DEBUG_INFORMATION_FORMAT = dwarf;
				ENABLE_STRICT_OBJC_MSGSEND = YES;
				ENABLE_TESTABILITY = YES;
				GCC_C_LANGUAGE_STANDARD = gnu11;
				GCC_DYNAMIC_NO_PIC = NO;
				GCC_NO_COMMON_BLOCKS = YES;
				GCC_OPTIMIZATION_LEVEL = 0;
				GCC_PREPROCESSOR_DEFINITIONS = (
					"DEBUG=1",
					"$(inherited)",
				);
				GCC_WARN_64_TO_32_BIT_CONVERSION = YES;
				GCC_WARN_ABOUT_RETURN_TYPE = YES_ERROR;
				GCC_WARN_UNDECLARED_SELECTOR = YES;
				GCC_WARN_UNINITIALIZED_AUTOS = YES_AGGRESSIVE;
				GCC_WARN_UNUSED_FUNCTION = YES;
				GCC_WARN_UNUSED_VARIABLE = YES;
				IPHONEOS_DEPLOYMENT_TARGET = 13.0;
				MTL_ENABLE_DEBUG_INFO = INCLUDE_SOURCE;
				MTL_FAST_MATH = YES;
				ONLY_ACTIVE_ARCH = YES;
				SDKROOT = iphoneos;
				SWIFT_ACTIVE_COMPILATION_CONDITIONS = DEBUG;
				SWIFT_OPTIMIZATION_LEVEL = "-Onone";
			};
			name = Debug;
		};
		74CED6A52AD78E53004F2E9A /* Release */ = {
			isa = XCBuildConfiguration;
			buildSettings = {
				ALWAYS_SEARCH_USER_PATHS = NO;
				CLANG_ANALYZER_NONNULL = YES;
				CLANG_ANALYZER_NUMBER_OBJECT_CONVERSION = YES_AGGRESSIVE;
				CLANG_CXX_LANGUAGE_STANDARD = "gnu++20";
				CLANG_ENABLE_MODULES = YES;
				CLANG_ENABLE_OBJC_ARC = YES;
				CLANG_ENABLE_OBJC_WEAK = YES;
				CLANG_WARN_BLOCK_CAPTURE_AUTORELEASING = YES;
				CLANG_WARN_BOOL_CONVERSION = YES;
				CLANG_WARN_COMMA = YES;
				CLANG_WARN_CONSTANT_CONVERSION = YES;
				CLANG_WARN_DEPRECATED_OBJC_IMPLEMENTATIONS = YES;
				CLANG_WARN_DIRECT_OBJC_ISA_USAGE = YES_ERROR;
				CLANG_WARN_DOCUMENTATION_COMMENTS = YES;
				CLANG_WARN_EMPTY_BODY = YES;
				CLANG_WARN_ENUM_CONVERSION = YES;
				CLANG_WARN_INFINITE_RECURSION = YES;
				CLANG_WARN_INT_CONVERSION = YES;
				CLANG_WARN_NON_LITERAL_NULL_CONVERSION = YES;
				CLANG_WARN_OBJC_IMPLICIT_RETAIN_SELF = YES;
				CLANG_WARN_OBJC_LITERAL_CONVERSION = YES;
				CLANG_WARN_OBJC_ROOT_CLASS = YES_ERROR;
				CLANG_WARN_QUOTED_INCLUDE_IN_FRAMEWORK_HEADER = YES;
				CLANG_WARN_RANGE_LOOP_ANALYSIS = YES;
				CLANG_WARN_STRICT_PROTOTYPES = YES;
				CLANG_WARN_SUSPICIOUS_MOVE = YES;
				CLANG_WARN_UNGUARDED_AVAILABILITY = YES_AGGRESSIVE;
				CLANG_WARN_UNREACHABLE_CODE = YES;
				CLANG_WARN__DUPLICATE_METHOD_MATCH = YES;
				COPY_PHASE_STRIP = NO;
				DEBUG_INFORMATION_FORMAT = "dwarf-with-dsym";
				ENABLE_NS_ASSERTIONS = NO;
				ENABLE_STRICT_OBJC_MSGSEND = YES;
				GCC_C_LANGUAGE_STANDARD = gnu11;
				GCC_NO_COMMON_BLOCKS = YES;
				GCC_WARN_64_TO_32_BIT_CONVERSION = YES;
				GCC_WARN_ABOUT_RETURN_TYPE = YES_ERROR;
				GCC_WARN_UNDECLARED_SELECTOR = YES;
				GCC_WARN_UNINITIALIZED_AUTOS = YES_AGGRESSIVE;
				GCC_WARN_UNUSED_FUNCTION = YES;
				GCC_WARN_UNUSED_VARIABLE = YES;
				IPHONEOS_DEPLOYMENT_TARGET = 13.0;
				MTL_ENABLE_DEBUG_INFO = NO;
				MTL_FAST_MATH = YES;
				SDKROOT = iphoneos;
				SWIFT_COMPILATION_MODE = wholemodule;
				SWIFT_OPTIMIZATION_LEVEL = "-O";
				VALIDATE_PRODUCT = YES;
			};
			name = Release;
		};
		74CED6A72AD78E53004F2E9A /* Debug */ = {
			isa = XCBuildConfiguration;
			buildSettings = {
				ASSETCATALOG_COMPILER_APPICON_NAME = AppIcon;
				ASSETCATALOG_COMPILER_GLOBAL_ACCENT_COLOR_NAME = AccentColor;
				CODE_SIGN_STYLE = Automatic;
				CURRENT_PROJECT_VERSION = 1;
				DEVELOPMENT_TEAM = GW57M46APG;
				GENERATE_INFOPLIST_FILE = YES;
				INFOPLIST_FILE = TPQRCodeScannerExsample/Info.plist;
				INFOPLIST_KEY_UIApplicationSupportsIndirectInputEvents = YES;
				INFOPLIST_KEY_UILaunchStoryboardName = LaunchScreen;
				INFOPLIST_KEY_UIMainStoryboardFile = Main;
				INFOPLIST_KEY_UISupportedInterfaceOrientations_iPad = "UIInterfaceOrientationPortrait UIInterfaceOrientationPortraitUpsideDown UIInterfaceOrientationLandscapeLeft UIInterfaceOrientationLandscapeRight";
				INFOPLIST_KEY_UISupportedInterfaceOrientations_iPhone = "UIInterfaceOrientationPortrait UIInterfaceOrientationLandscapeLeft UIInterfaceOrientationLandscapeRight";
				LD_RUNPATH_SEARCH_PATHS = (
					"$(inherited)",
					"@executable_path/Frameworks",
				);
				MARKETING_VERSION = 1.0;
				PRODUCT_BUNDLE_IDENTIFIER = tuanphamapp;
				PRODUCT_NAME = "$(TARGET_NAME)";
				SWIFT_EMIT_LOC_STRINGS = YES;
				SWIFT_VERSION = 5.0;
				TARGETED_DEVICE_FAMILY = "1,2";
			};
			name = Debug;
		};
		74CED6A82AD78E53004F2E9A /* Release */ = {
			isa = XCBuildConfiguration;
			buildSettings = {
				ASSETCATALOG_COMPILER_APPICON_NAME = AppIcon;
				ASSETCATALOG_COMPILER_GLOBAL_ACCENT_COLOR_NAME = AccentColor;
				CODE_SIGN_STYLE = Automatic;
				CURRENT_PROJECT_VERSION = 1;
				DEVELOPMENT_TEAM = GW57M46APG;
				GENERATE_INFOPLIST_FILE = YES;
				INFOPLIST_FILE = TPQRCodeScannerExsample/Info.plist;
				INFOPLIST_KEY_UIApplicationSupportsIndirectInputEvents = YES;
				INFOPLIST_KEY_UILaunchStoryboardName = LaunchScreen;
				INFOPLIST_KEY_UIMainStoryboardFile = Main;
				INFOPLIST_KEY_UISupportedInterfaceOrientations_iPad = "UIInterfaceOrientationPortrait UIInterfaceOrientationPortraitUpsideDown UIInterfaceOrientationLandscapeLeft UIInterfaceOrientationLandscapeRight";
				INFOPLIST_KEY_UISupportedInterfaceOrientations_iPhone = "UIInterfaceOrientationPortrait UIInterfaceOrientationLandscapeLeft UIInterfaceOrientationLandscapeRight";
				LD_RUNPATH_SEARCH_PATHS = (
					"$(inherited)",
					"@executable_path/Frameworks",
				);
				MARKETING_VERSION = 1.0;
				PRODUCT_BUNDLE_IDENTIFIER = tuanphamapp;
				PRODUCT_NAME = "$(TARGET_NAME)";
				SWIFT_EMIT_LOC_STRINGS = YES;
				SWIFT_VERSION = 5.0;
				TARGETED_DEVICE_FAMILY = "1,2";
			};
			name = Release;
		};
/* End XCBuildConfiguration section */

/* Begin XCConfigurationList section */
		74CED68D2AD78E52004F2E9A /* Build configuration list for PBXProject "TPQRCodeScannerExsample" */ = {
			isa = XCConfigurationList;
			buildConfigurations = (
				74CED6A42AD78E53004F2E9A /* Debug */,
				74CED6A52AD78E53004F2E9A /* Release */,
			);
			defaultConfigurationIsVisible = 0;
			defaultConfigurationName = Release;
		};
		74CED6A62AD78E53004F2E9A /* Build configuration list for PBXNativeTarget "TPQRCodeScannerExsample" */ = {
			isa = XCConfigurationList;
			buildConfigurations = (
				74CED6A72AD78E53004F2E9A /* Debug */,
				74CED6A82AD78E53004F2E9A /* Release */,
			);
			defaultConfigurationIsVisible = 0;
			defaultConfigurationName = Release;
		};
/* End XCConfigurationList section */

/* Begin XCRemoteSwiftPackageReference section */
		74CED6B32AD7A01D004F2E9A /* XCRemoteSwiftPackageReference "TPQRCodeScanner" */ = {
			isa = XCRemoteSwiftPackageReference;
			repositoryURL = "https://github.com/tuanpham88/TPQRCodeScanner.git";
			requirement = {
				kind = upToNextMajorVersion;
				minimumVersion = 1.0.2;
			};
		};
/* End XCRemoteSwiftPackageReference section */

/* Begin XCSwiftPackageProductDependency section */
		74CED6B42AD7A01D004F2E9A /* TPQRCodeScanner */ = {
			isa = XCSwiftPackageProductDependency;
			package = 74CED6B32AD7A01D004F2E9A /* XCRemoteSwiftPackageReference "TPQRCodeScanner" */;
			productName = TPQRCodeScanner;
		};
/* End XCSwiftPackageProductDependency section */
	};
	rootObject = 74CED68A2AD78E52004F2E9A /* Project object */;
}
